{
  "nodes": {
    "acextract": {
      "flake": false,
      "locked": {
        "lastModified": 1556467432,
        "narHash": "sha256-Yh437j5HLwh+s2qBKo3YruBHSJxqH142LuM/Unf+rV4=",
        "owner": "bartoszj",
        "repo": "acextract",
        "rev": "df3b018d53cd4b684a5f6d63535dcc4156be1a97",
        "type": "github"
      },
      "original": {
        "owner": "bartoszj",
        "repo": "acextract",
        "type": "github"
      }
    },
    "command-line": {
      "flake": false,
      "locked": {
        "lastModified": 1556260068,
        "narHash": "sha256-3BvUfIbbSsv8AHeg+nEjGVNDbgSOf/P7l6EFo+DvE/I=",
        "owner": "iHTCboy",
        "repo": "CommandLine",
        "rev": "b8209dc17ac1dd0f97ebfbd6a77a0633552626ca",
        "type": "github"
      },
      "original": {
        "owner": "iHTCboy",
        "repo": "CommandLine",
        "type": "github"
      }
    },
    "dsc-extractor": {
      "flake": false,
      "locked": {
        "lastModified": 1636949004,
        "narHash": "sha256-5K0CCRx5csFS5yLCWUmkkrKO1Ny3BOwasrrM2fUWgTU=",
        "owner": "keith",
        "repo": "dyld-shared-cache-extractor",
        "rev": "39b5d773495d99cdfaeab1904e47338b7257c59c",
        "type": "github"
      },
      "original": {
        "owner": "keith",
        "repo": "dyld-shared-cache-extractor",
        "type": "github"
      }
    },
    "nixpkgs": {
      "locked": {
        "lastModified": 1650109093,
        "narHash": "sha256-tqlnKrAdJktRLXTou9le0oTqrYBAFpGscV5RADdpArU=",
        "owner": "NixOS",
        "repo": "nixpkgs",
        "rev": "faad370edcb37162401be50d45526f52bb16a713",
        "type": "github"
      },
      "original": {
        "id": "nixpkgs",
        "ref": "nixpkgs-unstable",
        "type": "indirect"
      }
    },
    "root": {
      "inputs": {
        "acextract": "acextract",
        "command-line": "command-line",
        "dsc-extractor": "dsc-extractor",
        "nixpkgs": "nixpkgs",
        "snap-util": "snap-util",
        "snapshot-header": "snapshot-header"
      }
    },
    "snap-util": {
      "flake": false,
      "locked": {
        "lastModified": 1647211082,
        "narHash": "sha256-zQ/0Cpo6CCeKXafeERjBCQ2gv9396c7UZU+VmViQVIc=",
        "owner": "ahl",
        "repo": "apfs",
        "rev": "2bcf604966949f618e6a6ce33ca8ae1721494e6d",
        "type": "github"
      },
      "original": {
        "owner": "ahl",
        "repo": "apfs",
        "type": "github"
      }
    },
    "snapshot-header": {
      "flake": false,
      "locked": {
        "narHash": "sha256-Y/DTtpnT8JQZO5Ijr+tW0IrIOuECcJ+ZvFLCgwrFt2M=",
        "type": "tarball",
        "url": "https://opensource.apple.com/tarballs/xnu/xnu-6153.141.1.tar.gz"
      },
      "original": {
        "type": "tarball",
        "url": "https://opensource.apple.com/tarballs/xnu/xnu-6153.141.1.tar.gz"
      }
    }
  },
  "root": "root",
  "version": 7
}
